
Microsoft Visual Studio Solution File, Format Version 12.00
# Visual Studio Version 17
VisualStudioVersion = 17.3.32922.545
MinimumVisualStudioVersion = 10.0.40219.1
Project("{9A19103F-16F7-4668-BE54-9A1E7A4F7556}") = "2022csharpadvent", "2022csharpadvent.csproj", "{DA6B0215-BABA-41D3-A8F2-9F8F97A65831}"
EndProject
Global
	GlobalSection(SolutionConfigurationPlatforms) = preSolution
		Debug|Any CPU = Debug|Any CPU
		Release|Any CPU = Release|Any CPU
	EndGlobalSection
	GlobalSection(ProjectConfigurationPlatforms) = postSolution
		{DA6B0215-BABA-41D3-A8F2-9F8F97A65831}.Debug|Any CPU.ActiveCfg = Debug|Any CPU
		{DA6B0215-BABA-41D3-A8F2-9F8F97A65831}.Debug|Any CPU.Build.0 = Debug|Any CPU
		{DA6B0215-BABA-41D3-A8F2-9F8F97A65831}.Release|Any CPU.ActiveCfg = Release|Any CPU
		{DA6B0215-BABA-41D3-A8F2-9F8F97A65831}.Release|Any CPU.Build.0 = Release|Any CPU
	EndGlobalSection
	GlobalSection(SolutionProperties) = preSolution
		HideSolutionNode = FALSE
	EndGlobalSection
	GlobalSection(ExtensibilityGlobals) = postSolution
		SolutionGuid = {5104EB3F-FF88-497D-9529-D30A76922D5F}
	EndGlobalSection
EndGlobal
